
Microsoft Visual Studio Solution File, Format Version 12.00
# Visual Studio Version 17
VisualStudioVersion = 17.9.34622.214
MinimumVisualStudioVersion = 10.0.40219.1
Project("{FAE04EC0-301F-11D3-BF4B-00C04F79EFBC}") = "FlurlAPI", "FlurlAPI.csproj", "{330056DC-9A6F-406A-94F7-A9C6DE877C93}"
EndProject
Project("{FAE04EC0-301F-11D3-BF4B-00C04F79EFBC}") = "FlurlAPI.Tests", "..\FlurlAPI.Tests\FlurlAPI.Tests.csproj", "{0111EC7D-C1EB-480F-A2C2-59CEFADABC6D}"
EndProject
Global
	GlobalSection(SolutionConfigurationPlatforms) = preSolution
		Debug|Any CPU = Debug|Any CPU
		Release|Any CPU = Release|Any CPU
	EndGlobalSection
	GlobalSection(ProjectConfigurationPlatforms) = postSolution
		{330056DC-9A6F-406A-94F7-A9C6DE877C93}.Debug|Any CPU.ActiveCfg = Debug|Any CPU
		{330056DC-9A6F-406A-94F7-A9C6DE877C93}.Debug|Any CPU.Build.0 = Debug|Any CPU
		{330056DC-9A6F-406A-94F7-A9C6DE877C93}.Release|Any CPU.ActiveCfg = Release|Any CPU
		{330056DC-9A6F-406A-94F7-A9C6DE877C93}.Release|Any CPU.Build.0 = Release|Any CPU
		{0111EC7D-C1EB-480F-A2C2-59CEFADABC6D}.Debug|Any CPU.ActiveCfg = Debug|Any CPU
		{0111EC7D-C1EB-480F-A2C2-59CEFADABC6D}.Debug|Any CPU.Build.0 = Debug|Any CPU
		{0111EC7D-C1EB-480F-A2C2-59CEFADABC6D}.Release|Any CPU.ActiveCfg = Release|Any CPU
		{0111EC7D-C1EB-480F-A2C2-59CEFADABC6D}.Release|Any CPU.Build.0 = Release|Any CPU
	EndGlobalSection
	GlobalSection(SolutionProperties) = preSolution
		HideSolutionNode = FALSE
	EndGlobalSection
	GlobalSection(ExtensibilityGlobals) = postSolution
		SolutionGuid = {2AFD8B35-DDCB-48E3-8B13-E014C8252AA0}
	EndGlobalSection
EndGlobal
